
Microsoft Visual Studio Solution File, Format Version 12.00
# Visual Studio Version 16
VisualStudioVersion = 16.0.30114.105
MinimumVisualStudioVersion = 10.0.40219.1
Project("{9A19103F-16F7-4668-BE54-9A1E7A4F7556}") = "EmployeeManagement.Api", "EmployeeManagement.Api\EmployeeManagement.Api.csproj", "{1E80826B-D3FB-427F-8C55-9FEFD6B2F8EE}"
EndProject
Project("{9A19103F-16F7-4668-BE54-9A1E7A4F7556}") = "EmployeeManagement.Web", "EmployeeManagement.Web\EmployeeManagement.Web.csproj", "{C410CB5E-4E9C-44DE-A67B-677586A01089}"
EndProject
Project("{9A19103F-16F7-4668-BE54-9A1E7A4F7556}") = "EmployeeManagement.Models", "EmployeeManagement.Models\EmployeeManagement.Models.csproj", "{D1459919-D82C-4F4F-A214-E00A1C13DCED}"
EndProject
Project("{FAE04EC0-301F-11D3-BF4B-00C04F79EFBC}") = "EmployeeManagement.GlobalConstants", "GlobalConstants\EmployeeManagement.GlobalConstants.csproj", "{C523417B-12B4-417D-9F0A-9B342298CB75}"
EndProject
Global
	GlobalSection(SolutionConfigurationPlatforms) = preSolution
		Debug|Any CPU = Debug|Any CPU
		Release|Any CPU = Release|Any CPU
	EndGlobalSection
	GlobalSection(ProjectConfigurationPlatforms) = postSolution
		{1E80826B-D3FB-427F-8C55-9FEFD6B2F8EE}.Debug|Any CPU.ActiveCfg = Debug|Any CPU
		{1E80826B-D3FB-427F-8C55-9FEFD6B2F8EE}.Debug|Any CPU.Build.0 = Debug|Any CPU
		{1E80826B-D3FB-427F-8C55-9FEFD6B2F8EE}.Release|Any CPU.ActiveCfg = Release|Any CPU
		{1E80826B-D3FB-427F-8C55-9FEFD6B2F8EE}.Release|Any CPU.Build.0 = Release|Any CPU
		{C410CB5E-4E9C-44DE-A67B-677586A01089}.Debug|Any CPU.ActiveCfg = Debug|Any CPU
		{C410CB5E-4E9C-44DE-A67B-677586A01089}.Debug|Any CPU.Build.0 = Debug|Any CPU
		{C410CB5E-4E9C-44DE-A67B-677586A01089}.Release|Any CPU.ActiveCfg = Release|Any CPU
		{C410CB5E-4E9C-44DE-A67B-677586A01089}.Release|Any CPU.Build.0 = Release|Any CPU
		{D1459919-D82C-4F4F-A214-E00A1C13DCED}.Debug|Any CPU.ActiveCfg = Debug|Any CPU
		{D1459919-D82C-4F4F-A214-E00A1C13DCED}.Debug|Any CPU.Build.0 = Debug|Any CPU
		{D1459919-D82C-4F4F-A214-E00A1C13DCED}.Release|Any CPU.ActiveCfg = Release|Any CPU
		{D1459919-D82C-4F4F-A214-E00A1C13DCED}.Release|Any CPU.Build.0 = Release|Any CPU
		{C523417B-12B4-417D-9F0A-9B342298CB75}.Debug|Any CPU.ActiveCfg = Debug|Any CPU
		{C523417B-12B4-417D-9F0A-9B342298CB75}.Debug|Any CPU.Build.0 = Debug|Any CPU
		{C523417B-12B4-417D-9F0A-9B342298CB75}.Release|Any CPU.ActiveCfg = Release|Any CPU
		{C523417B-12B4-417D-9F0A-9B342298CB75}.Release|Any CPU.Build.0 = Release|Any CPU
	EndGlobalSection
	GlobalSection(SolutionProperties) = preSolution
		HideSolutionNode = FALSE
	EndGlobalSection
	GlobalSection(ExtensibilityGlobals) = postSolution
		SolutionGuid = {842C2311-5F36-4077-9418-F07A78EEFDC7}
	EndGlobalSection
EndGlobal
