
Microsoft Visual Studio Solution File, Format Version 12.00
# Visual Studio Version 16
VisualStudioVersion = 16.0.30114.105
MinimumVisualStudioVersion = 10.0.40219.1
Project("{9A19103F-16F7-4668-BE54-9A1E7A4F7556}") = "EmployeeManagement.Models", "EmployeeMenagement.Models\EmployeeManagement.Models.csproj", "{7AE2766F-C18C-48A8-9EFA-5E936CF64576}"
EndProject
Project("{9A19103F-16F7-4668-BE54-9A1E7A4F7556}") = "EmployeeManagement.Web", "EmployeeMenagement.Web\EmployeeManagement.Web.csproj", "{B91983E7-CA08-413C-A694-6E4D01AE2BA2}"
EndProject
Project("{FAE04EC0-301F-11D3-BF4B-00C04F79EFBC}") = "EmployeeManagement.Api", "EmployeeManagement.Api\EmployeeManagement.Api.csproj", "{1E80826B-D3FB-427F-8C55-9FEFD6B2F8EE}"
EndProject
Global
	GlobalSection(SolutionConfigurationPlatforms) = preSolution
		Debug|Any CPU = Debug|Any CPU
		Release|Any CPU = Release|Any CPU
	EndGlobalSection
	GlobalSection(ProjectConfigurationPlatforms) = postSolution
		{7AE2766F-C18C-48A8-9EFA-5E936CF64576}.Debug|Any CPU.ActiveCfg = Debug|Any CPU
		{7AE2766F-C18C-48A8-9EFA-5E936CF64576}.Debug|Any CPU.Build.0 = Debug|Any CPU
		{7AE2766F-C18C-48A8-9EFA-5E936CF64576}.Release|Any CPU.ActiveCfg = Release|Any CPU
		{7AE2766F-C18C-48A8-9EFA-5E936CF64576}.Release|Any CPU.Build.0 = Release|Any CPU
		{B91983E7-CA08-413C-A694-6E4D01AE2BA2}.Debug|Any CPU.ActiveCfg = Debug|Any CPU
		{B91983E7-CA08-413C-A694-6E4D01AE2BA2}.Debug|Any CPU.Build.0 = Debug|Any CPU
		{B91983E7-CA08-413C-A694-6E4D01AE2BA2}.Release|Any CPU.ActiveCfg = Release|Any CPU
		{B91983E7-CA08-413C-A694-6E4D01AE2BA2}.Release|Any CPU.Build.0 = Release|Any CPU
		{1E80826B-D3FB-427F-8C55-9FEFD6B2F8EE}.Debug|Any CPU.ActiveCfg = Debug|Any CPU
		{1E80826B-D3FB-427F-8C55-9FEFD6B2F8EE}.Debug|Any CPU.Build.0 = Debug|Any CPU
		{1E80826B-D3FB-427F-8C55-9FEFD6B2F8EE}.Release|Any CPU.ActiveCfg = Release|Any CPU
		{1E80826B-D3FB-427F-8C55-9FEFD6B2F8EE}.Release|Any CPU.Build.0 = Release|Any CPU
	EndGlobalSection
	GlobalSection(SolutionProperties) = preSolution
		HideSolutionNode = FALSE
	EndGlobalSection
	GlobalSection(ExtensibilityGlobals) = postSolution
		SolutionGuid = {842C2311-5F36-4077-9418-F07A78EEFDC7}
	EndGlobalSection
EndGlobal
